
Microsoft Visual Studio Solution File, Format Version 12.00
# Visual Studio 15
VisualStudioVersion = 15.0.27703.2047
MinimumVisualStudioVersion = 10.0.40219.1
Project("{9A19103F-16F7-4668-BE54-9A1E7A4F7556}") = "MDM_UI", "MDM_UI\MDM_UI.csproj", "{DE69BD94-BE73-449F-B934-C6A59620296E}"
EndProject
Global
	GlobalSection(SolutionConfigurationPlatforms) = preSolution
		Debug|Any CPU = Debug|Any CPU
		Release|Any CPU = Release|Any CPU
	EndGlobalSection
	GlobalSection(ProjectConfigurationPlatforms) = postSolution
		{DE69BD94-BE73-449F-B934-C6A59620296E}.Debug|Any CPU.ActiveCfg = Debug|Any CPU
		{DE69BD94-BE73-449F-B934-C6A59620296E}.Debug|Any CPU.Build.0 = Debug|Any CPU
		{DE69BD94-BE73-449F-B934-C6A59620296E}.Release|Any CPU.ActiveCfg = Release|Any CPU
		{DE69BD94-BE73-449F-B934-C6A59620296E}.Release|Any CPU.Build.0 = Release|Any CPU
	EndGlobalSection
	GlobalSection(SolutionProperties) = preSolution
		HideSolutionNode = FALSE
	EndGlobalSection
	GlobalSection(ExtensibilityGlobals) = postSolution
		SolutionGuid = {768E2158-B0ED-4845-BBCC-153538929DD7}
	EndGlobalSection
EndGlobal
