
Microsoft Visual Studio Solution File, Format Version 12.00
# Visual Studio 15
VisualStudioVersion = 15.0.27703.2047
MinimumVisualStudioVersion = 10.0.40219.1
Project("{9A19103F-16F7-4668-BE54-9A1E7A4F7556}") = "VFS.Common.BaseService", "..\Common\VFS.Common.BaseService\VFS.Common.BaseService.csproj", "{9F5756B4-F971-44D3-A9D8-F1952181B35C}"
EndProject
Project("{9A19103F-16F7-4668-BE54-9A1E7A4F7556}") = "VFS.Common.Configuration", "..\Common\VFS.Common.Configuration\VFS.Common.Configuration.csproj", "{02643F67-E46F-4D91-8B94-E7F35D929321}"
EndProject
Project("{FAE04EC0-301F-11D3-BF4B-00C04F79EFBC}") = "VFS.MicroServices.Master", "VFS.MicroServices.Master\VFS.MicroServices.Master.csproj", "{43E9A11D-6B43-4A7E-9A42-AA854A1162C3}"
EndProject
Global
	GlobalSection(SolutionConfigurationPlatforms) = preSolution
		Debug|Any CPU = Debug|Any CPU
		Release|Any CPU = Release|Any CPU
	EndGlobalSection
	GlobalSection(ProjectConfigurationPlatforms) = postSolution
		{9F5756B4-F971-44D3-A9D8-F1952181B35C}.Debug|Any CPU.ActiveCfg = Debug|Any CPU
		{9F5756B4-F971-44D3-A9D8-F1952181B35C}.Debug|Any CPU.Build.0 = Debug|Any CPU
		{9F5756B4-F971-44D3-A9D8-F1952181B35C}.Release|Any CPU.ActiveCfg = Release|Any CPU
		{9F5756B4-F971-44D3-A9D8-F1952181B35C}.Release|Any CPU.Build.0 = Release|Any CPU
		{02643F67-E46F-4D91-8B94-E7F35D929321}.Debug|Any CPU.ActiveCfg = Debug|Any CPU
		{02643F67-E46F-4D91-8B94-E7F35D929321}.Debug|Any CPU.Build.0 = Debug|Any CPU
		{02643F67-E46F-4D91-8B94-E7F35D929321}.Release|Any CPU.ActiveCfg = Release|Any CPU
		{02643F67-E46F-4D91-8B94-E7F35D929321}.Release|Any CPU.Build.0 = Release|Any CPU
		{43E9A11D-6B43-4A7E-9A42-AA854A1162C3}.Debug|Any CPU.ActiveCfg = Debug|Any CPU
		{43E9A11D-6B43-4A7E-9A42-AA854A1162C3}.Debug|Any CPU.Build.0 = Debug|Any CPU
		{43E9A11D-6B43-4A7E-9A42-AA854A1162C3}.Release|Any CPU.ActiveCfg = Release|Any CPU
		{43E9A11D-6B43-4A7E-9A42-AA854A1162C3}.Release|Any CPU.Build.0 = Release|Any CPU
	EndGlobalSection
	GlobalSection(SolutionProperties) = preSolution
		HideSolutionNode = FALSE
	EndGlobalSection
	GlobalSection(ExtensibilityGlobals) = postSolution
		SolutionGuid = {660500B8-9CC0-4F88-BE28-A1A4385947C1}
	EndGlobalSection
EndGlobal
