
Microsoft Visual Studio Solution File, Format Version 12.00
# Visual Studio 15
VisualStudioVersion = 15.0.27703.2047
MinimumVisualStudioVersion = 10.0.40219.1
Project("{9A19103F-16F7-4668-BE54-9A1E7A4F7556}") = "VFS.Common.BaseService", "..\Common\VFS.Common.BaseService\VFS.Common.BaseService.csproj", "{E234B0B7-9C98-4195-9166-144A651CD1A9}"
EndProject
Project("{9A19103F-16F7-4668-BE54-9A1E7A4F7556}") = "VFS.Common.Configuration", "..\Common\VFS.Common.Configuration\VFS.Common.Configuration.csproj", "{3E0D45DC-E662-4023-8022-F3FE12A9CD59}"
EndProject
Project("{FAE04EC0-301F-11D3-BF4B-00C04F79EFBC}") = "VFS.MicroServices.Application", "VFS.MicroServices.Application\VFS.MicroServices.Application.csproj", "{37A92DE3-5C33-4F70-A0A4-3423D85CFD9E}"
EndProject
Global
	GlobalSection(SolutionConfigurationPlatforms) = preSolution
		Debug|Any CPU = Debug|Any CPU
		Release|Any CPU = Release|Any CPU
	EndGlobalSection
	GlobalSection(ProjectConfigurationPlatforms) = postSolution
		{E234B0B7-9C98-4195-9166-144A651CD1A9}.Debug|Any CPU.ActiveCfg = Debug|Any CPU
		{E234B0B7-9C98-4195-9166-144A651CD1A9}.Debug|Any CPU.Build.0 = Debug|Any CPU
		{E234B0B7-9C98-4195-9166-144A651CD1A9}.Release|Any CPU.ActiveCfg = Release|Any CPU
		{E234B0B7-9C98-4195-9166-144A651CD1A9}.Release|Any CPU.Build.0 = Release|Any CPU
		{3E0D45DC-E662-4023-8022-F3FE12A9CD59}.Debug|Any CPU.ActiveCfg = Debug|Any CPU
		{3E0D45DC-E662-4023-8022-F3FE12A9CD59}.Debug|Any CPU.Build.0 = Debug|Any CPU
		{3E0D45DC-E662-4023-8022-F3FE12A9CD59}.Release|Any CPU.ActiveCfg = Release|Any CPU
		{3E0D45DC-E662-4023-8022-F3FE12A9CD59}.Release|Any CPU.Build.0 = Release|Any CPU
		{37A92DE3-5C33-4F70-A0A4-3423D85CFD9E}.Debug|Any CPU.ActiveCfg = Debug|Any CPU
		{37A92DE3-5C33-4F70-A0A4-3423D85CFD9E}.Debug|Any CPU.Build.0 = Debug|Any CPU
		{37A92DE3-5C33-4F70-A0A4-3423D85CFD9E}.Release|Any CPU.ActiveCfg = Release|Any CPU
		{37A92DE3-5C33-4F70-A0A4-3423D85CFD9E}.Release|Any CPU.Build.0 = Release|Any CPU
	EndGlobalSection
	GlobalSection(SolutionProperties) = preSolution
		HideSolutionNode = FALSE
	EndGlobalSection
	GlobalSection(ExtensibilityGlobals) = postSolution
		SolutionGuid = {7941E01D-7867-45D3-8BB5-CA4306890935}
	EndGlobalSection
EndGlobal
